
Microsoft Visual Studio Solution File, Format Version 12.00
# Visual Studio Version 17
VisualStudioVersion = 17.8.34322.80
MinimumVisualStudioVersion = 10.0.40219.1
Project("{8BC9CEB8-8B4A-11D0-8D11-00A0C91BC942}") = "anonymous_pipe", "anonymous_pipe.vcxproj", "{6BAF12CC-5CD8-4633-8D49-33AD4A0627DA}"
EndProject
Global
	GlobalSection(SolutionConfigurationPlatforms) = preSolution
		Debug|x64 = Debug|x64
		Debug|x86 = Debug|x86
		Release|x64 = Release|x64
		Release|x86 = Release|x86
	EndGlobalSection
	GlobalSection(ProjectConfigurationPlatforms) = postSolution
		{6BAF12CC-5CD8-4633-8D49-33AD4A0627DA}.Debug|x64.ActiveCfg = Debug|x64
		{6BAF12CC-5CD8-4633-8D49-33AD4A0627DA}.Debug|x64.Build.0 = Debug|x64
		{6BAF12CC-5CD8-4633-8D49-33AD4A0627DA}.Debug|x86.ActiveCfg = Debug|Win32
		{6BAF12CC-5CD8-4633-8D49-33AD4A0627DA}.Debug|x86.Build.0 = Debug|Win32
		{6BAF12CC-5CD8-4633-8D49-33AD4A0627DA}.Release|x64.ActiveCfg = Release|x64
		{6BAF12CC-5CD8-4633-8D49-33AD4A0627DA}.Release|x64.Build.0 = Release|x64
		{6BAF12CC-5CD8-4633-8D49-33AD4A0627DA}.Release|x86.ActiveCfg = Release|Win32
		{6BAF12CC-5CD8-4633-8D49-33AD4A0627DA}.Release|x86.Build.0 = Release|Win32
	EndGlobalSection
	GlobalSection(SolutionProperties) = preSolution
		HideSolutionNode = FALSE
	EndGlobalSection
	GlobalSection(ExtensibilityGlobals) = postSolution
		SolutionGuid = {3D9DC88D-CE8D-4FD9-ABC2-33E0B08FDD51}
	EndGlobalSection
EndGlobal
