
Microsoft Visual Studio Solution File, Format Version 12.00
# Visual Studio Version 17
VisualStudioVersion = 17.8.34322.80
MinimumVisualStudioVersion = 10.0.40219.1
Project("{8BC9CEB8-8B4A-11D0-8D11-00A0C91BC942}") = "PolymorphicType1", "PolymorphicType1.vcxproj", "{5E9A287D-1E84-48EF-8904-A1424BC92874}"
EndProject
Global
	GlobalSection(SolutionConfigurationPlatforms) = preSolution
		Debug|x64 = Debug|x64
		Debug|x86 = Debug|x86
		Release|x64 = Release|x64
		Release|x86 = Release|x86
	EndGlobalSection
	GlobalSection(ProjectConfigurationPlatforms) = postSolution
		{5E9A287D-1E84-48EF-8904-A1424BC92874}.Debug|x64.ActiveCfg = Debug|x64
		{5E9A287D-1E84-48EF-8904-A1424BC92874}.Debug|x64.Build.0 = Debug|x64
		{5E9A287D-1E84-48EF-8904-A1424BC92874}.Debug|x86.ActiveCfg = Debug|Win32
		{5E9A287D-1E84-48EF-8904-A1424BC92874}.Debug|x86.Build.0 = Debug|Win32
		{5E9A287D-1E84-48EF-8904-A1424BC92874}.Release|x64.ActiveCfg = Release|x64
		{5E9A287D-1E84-48EF-8904-A1424BC92874}.Release|x64.Build.0 = Release|x64
		{5E9A287D-1E84-48EF-8904-A1424BC92874}.Release|x86.ActiveCfg = Release|Win32
		{5E9A287D-1E84-48EF-8904-A1424BC92874}.Release|x86.Build.0 = Release|Win32
	EndGlobalSection
	GlobalSection(SolutionProperties) = preSolution
		HideSolutionNode = FALSE
	EndGlobalSection
	GlobalSection(ExtensibilityGlobals) = postSolution
		SolutionGuid = {A94643FB-767B-4375-8FD9-C4D16F9A0AC3}
	EndGlobalSection
EndGlobal
