
Microsoft Visual Studio Solution File, Format Version 12.00
# Visual Studio Version 17
VisualStudioVersion = 17.8.34330.188
MinimumVisualStudioVersion = 10.0.40219.1
Project("{8BC9CEB8-8B4A-11D0-8D11-00A0C91BC942}") = "ListDirectoryFileList", "ListDirectoryFileList.vcxproj", "{CE76C5AB-2065-48F0-B81A-A800E818FBE7}"
EndProject
Global
	GlobalSection(SolutionConfigurationPlatforms) = preSolution
		Debug|x64 = Debug|x64
		Debug|x86 = Debug|x86
		Release|x64 = Release|x64
		Release|x86 = Release|x86
	EndGlobalSection
	GlobalSection(ProjectConfigurationPlatforms) = postSolution
		{CE76C5AB-2065-48F0-B81A-A800E818FBE7}.Debug|x64.ActiveCfg = Debug|x64
		{CE76C5AB-2065-48F0-B81A-A800E818FBE7}.Debug|x64.Build.0 = Debug|x64
		{CE76C5AB-2065-48F0-B81A-A800E818FBE7}.Debug|x86.ActiveCfg = Debug|Win32
		{CE76C5AB-2065-48F0-B81A-A800E818FBE7}.Debug|x86.Build.0 = Debug|Win32
		{CE76C5AB-2065-48F0-B81A-A800E818FBE7}.Release|x64.ActiveCfg = Release|x64
		{CE76C5AB-2065-48F0-B81A-A800E818FBE7}.Release|x64.Build.0 = Release|x64
		{CE76C5AB-2065-48F0-B81A-A800E818FBE7}.Release|x86.ActiveCfg = Release|Win32
		{CE76C5AB-2065-48F0-B81A-A800E818FBE7}.Release|x86.Build.0 = Release|Win32
	EndGlobalSection
	GlobalSection(SolutionProperties) = preSolution
		HideSolutionNode = FALSE
	EndGlobalSection
	GlobalSection(ExtensibilityGlobals) = postSolution
		SolutionGuid = {5519FF6C-9E26-4622-B7AB-1AC0795F8B4E}
	EndGlobalSection
EndGlobal
