
Microsoft Visual Studio Solution File, Format Version 12.00
# Visual Studio Version 17
VisualStudioVersion = 17.8.34322.80
MinimumVisualStudioVersion = 10.0.40219.1
Project("{8BC9CEB8-8B4A-11D0-8D11-00A0C91BC942}") = "OperationStateParent", "OperationStateParent.vcxproj", "{ACECC89B-B508-412E-BD82-BDF606EB1198}"
EndProject
Global
	GlobalSection(SolutionConfigurationPlatforms) = preSolution
		Debug|x64 = Debug|x64
		Debug|x86 = Debug|x86
		Release|x64 = Release|x64
		Release|x86 = Release|x86
	EndGlobalSection
	GlobalSection(ProjectConfigurationPlatforms) = postSolution
		{ACECC89B-B508-412E-BD82-BDF606EB1198}.Debug|x64.ActiveCfg = Debug|x64
		{ACECC89B-B508-412E-BD82-BDF606EB1198}.Debug|x64.Build.0 = Debug|x64
		{ACECC89B-B508-412E-BD82-BDF606EB1198}.Debug|x86.ActiveCfg = Debug|Win32
		{ACECC89B-B508-412E-BD82-BDF606EB1198}.Debug|x86.Build.0 = Debug|Win32
		{ACECC89B-B508-412E-BD82-BDF606EB1198}.Release|x64.ActiveCfg = Release|x64
		{ACECC89B-B508-412E-BD82-BDF606EB1198}.Release|x64.Build.0 = Release|x64
		{ACECC89B-B508-412E-BD82-BDF606EB1198}.Release|x86.ActiveCfg = Release|Win32
		{ACECC89B-B508-412E-BD82-BDF606EB1198}.Release|x86.Build.0 = Release|Win32
	EndGlobalSection
	GlobalSection(SolutionProperties) = preSolution
		HideSolutionNode = FALSE
	EndGlobalSection
	GlobalSection(ExtensibilityGlobals) = postSolution
		SolutionGuid = {5A04BDD6-4221-4F3D-B723-7DAC07B92372}
	EndGlobalSection
EndGlobal
