
Microsoft Visual Studio Solution File, Format Version 12.00
# Visual Studio Version 17
VisualStudioVersion = 17.8.34322.80
MinimumVisualStudioVersion = 10.0.40219.1
Project("{8BC9CEB8-8B4A-11D0-8D11-00A0C91BC942}") = "AdderManager", "AdderManager.vcxproj", "{ADCA84AA-DB18-4071-90D7-CF2C334446D2}"
EndProject
Global
	GlobalSection(SolutionConfigurationPlatforms) = preSolution
		Debug|x64 = Debug|x64
		Debug|x86 = Debug|x86
		Release|x64 = Release|x64
		Release|x86 = Release|x86
	EndGlobalSection
	GlobalSection(ProjectConfigurationPlatforms) = postSolution
		{ADCA84AA-DB18-4071-90D7-CF2C334446D2}.Debug|x64.ActiveCfg = Debug|x64
		{ADCA84AA-DB18-4071-90D7-CF2C334446D2}.Debug|x64.Build.0 = Debug|x64
		{ADCA84AA-DB18-4071-90D7-CF2C334446D2}.Debug|x86.ActiveCfg = Debug|Win32
		{ADCA84AA-DB18-4071-90D7-CF2C334446D2}.Debug|x86.Build.0 = Debug|Win32
		{ADCA84AA-DB18-4071-90D7-CF2C334446D2}.Release|x64.ActiveCfg = Release|x64
		{ADCA84AA-DB18-4071-90D7-CF2C334446D2}.Release|x64.Build.0 = Release|x64
		{ADCA84AA-DB18-4071-90D7-CF2C334446D2}.Release|x86.ActiveCfg = Release|Win32
		{ADCA84AA-DB18-4071-90D7-CF2C334446D2}.Release|x86.Build.0 = Release|Win32
	EndGlobalSection
	GlobalSection(SolutionProperties) = preSolution
		HideSolutionNode = FALSE
	EndGlobalSection
	GlobalSection(ExtensibilityGlobals) = postSolution
		SolutionGuid = {5FBDD5F8-FA6C-40C1-B6B5-235180FC06FD}
	EndGlobalSection
EndGlobal
