
Microsoft Visual Studio Solution File, Format Version 12.00
# Visual Studio Version 17
VisualStudioVersion = 17.8.34330.188
MinimumVisualStudioVersion = 10.0.40219.1
Project("{8BC9CEB8-8B4A-11D0-8D11-00A0C91BC942}") = "ThreadAdderTwo", "ThreadAdderTwo.vcxproj", "{01B81CB9-FACF-404E-B8B4-5FF9D09999E2}"
EndProject
Global
	GlobalSection(SolutionConfigurationPlatforms) = preSolution
		Debug|x64 = Debug|x64
		Debug|x86 = Debug|x86
		Release|x64 = Release|x64
		Release|x86 = Release|x86
	EndGlobalSection
	GlobalSection(ProjectConfigurationPlatforms) = postSolution
		{01B81CB9-FACF-404E-B8B4-5FF9D09999E2}.Debug|x64.ActiveCfg = Debug|x64
		{01B81CB9-FACF-404E-B8B4-5FF9D09999E2}.Debug|x64.Build.0 = Debug|x64
		{01B81CB9-FACF-404E-B8B4-5FF9D09999E2}.Debug|x86.ActiveCfg = Debug|Win32
		{01B81CB9-FACF-404E-B8B4-5FF9D09999E2}.Debug|x86.Build.0 = Debug|Win32
		{01B81CB9-FACF-404E-B8B4-5FF9D09999E2}.Release|x64.ActiveCfg = Release|x64
		{01B81CB9-FACF-404E-B8B4-5FF9D09999E2}.Release|x64.Build.0 = Release|x64
		{01B81CB9-FACF-404E-B8B4-5FF9D09999E2}.Release|x86.ActiveCfg = Release|Win32
		{01B81CB9-FACF-404E-B8B4-5FF9D09999E2}.Release|x86.Build.0 = Release|Win32
	EndGlobalSection
	GlobalSection(SolutionProperties) = preSolution
		HideSolutionNode = FALSE
	EndGlobalSection
	GlobalSection(ExtensibilityGlobals) = postSolution
		SolutionGuid = {F3619545-9F5E-4F65-B9F8-1461055A5685}
	EndGlobalSection
EndGlobal
